
Microsoft Visual Studio Solution File, Format Version 12.00
# Visual Studio 2013
VisualStudioVersion = 12.0.21005.1
MinimumVisualStudioVersion = 10.0.40219.1
Project("{FAE04EC0-301F-11D3-BF4B-00C04F79EFBC}") = "Crom.Controls.Docking", "Crom.Controls.Docking.csproj", "{A9DF5E3C-AAD6-4640-AAA1-65B3E7DA290B}"
EndProject
Project("{FAE04EC0-301F-11D3-BF4B-00C04F79EFBC}") = "Crom.Controls.Docking.Client", "..\..\Programe\Crom.Controls.Docking.Client\Crom.Controls.Docking.Client.csproj", "{FE15BA09-6D92-4590-A532-77A18B58460F}"
EndProject
Global
	GlobalSection(SolutionConfigurationPlatforms) = preSolution
		Debug|Any CPU = Debug|Any CPU
		Release|Any CPU = Release|Any CPU
	EndGlobalSection
	GlobalSection(ProjectConfigurationPlatforms) = postSolution
		{A9DF5E3C-AAD6-4640-AAA1-65B3E7DA290B}.Debug|Any CPU.ActiveCfg = Debug|Any CPU
		{A9DF5E3C-AAD6-4640-AAA1-65B3E7DA290B}.Debug|Any CPU.Build.0 = Debug|Any CPU
		{A9DF5E3C-AAD6-4640-AAA1-65B3E7DA290B}.Release|Any CPU.ActiveCfg = Release|Any CPU
		{A9DF5E3C-AAD6-4640-AAA1-65B3E7DA290B}.Release|Any CPU.Build.0 = Release|Any CPU
		{FE15BA09-6D92-4590-A532-77A18B58460F}.Debug|Any CPU.ActiveCfg = Debug|Any CPU
		{FE15BA09-6D92-4590-A532-77A18B58460F}.Debug|Any CPU.Build.0 = Debug|Any CPU
		{FE15BA09-6D92-4590-A532-77A18B58460F}.Release|Any CPU.ActiveCfg = Release|Any CPU
		{FE15BA09-6D92-4590-A532-77A18B58460F}.Release|Any CPU.Build.0 = Release|Any CPU
	EndGlobalSection
	GlobalSection(SolutionProperties) = preSolution
		HideSolutionNode = FALSE
	EndGlobalSection
EndGlobal
